{
  "name": "nested-replace",
  "version": "1.0.0",
  "lockfileVersion": 1,
  "requires": true,
  "dependencies": {
    "realtypeof": {
      "version": "1.1.0",
      "resolved": "https://registry.npmjs.org/realtypeof/-/realtypeof-1.1.0.tgz",
      "integrity": "sha512-EHIhnB9TIEfGloel5TW+apxmLdHx4Uj7LmvLR7HTMaWnVCIyrtMqbD9J+tC8aGNVyHa+Sg6p4ff8oembDvuT3g=="
    }
  }
}
